
Microsoft Visual Studio Solution File, Format Version 12.00
# Visual Studio Version 17
VisualStudioVersion = 17.4.33205.214
MinimumVisualStudioVersion = 10.0.40219.1
Project("{FAE04EC0-301F-11D3-BF4B-00C04F79EFBC}") = "PartyInvites", "PartyInvites.csproj", "{1E43313C-F4FA-41BE-8974-796C4F74B5BF}"
EndProject
Global
	GlobalSection(SolutionConfigurationPlatforms) = preSolution
		Debug|Any CPU = Debug|Any CPU
		Release|Any CPU = Release|Any CPU
	EndGlobalSection
	GlobalSection(ProjectConfigurationPlatforms) = postSolution
		{1E43313C-F4FA-41BE-8974-796C4F74B5BF}.Debug|Any CPU.ActiveCfg = Debug|Any CPU
		{1E43313C-F4FA-41BE-8974-796C4F74B5BF}.Debug|Any CPU.Build.0 = Debug|Any CPU
		{1E43313C-F4FA-41BE-8974-796C4F74B5BF}.Release|Any CPU.ActiveCfg = Release|Any CPU
		{1E43313C-F4FA-41BE-8974-796C4F74B5BF}.Release|Any CPU.Build.0 = Release|Any CPU
	EndGlobalSection
	GlobalSection(SolutionProperties) = preSolution
		HideSolutionNode = FALSE
	EndGlobalSection
	GlobalSection(ExtensibilityGlobals) = postSolution
		SolutionGuid = {5A6B405E-10D8-4598-A717-1F91C253A85A}
	EndGlobalSection
EndGlobal
